{
  "name": "scaffoldLit",
  "version": "0.1.0",
  "lockfileVersion": 1,
  "requires": true,
  "dependencies": {
    "@bbva-web-components/bbva-amount": {
      "version": "9.10.0",
      "resolved": "https://globaldevtools.bbva.com:443/artifactory/api/npm/npm-repo/@bbva-web-components/bbva-amount/-/@bbva-web-components/bbva-amount-9.10.0.tgz",
      "integrity": "sha1-dYaez3UqQbWXFKEkT1YF8JvCjFk=",
      "requires": {
        "@bbva-web-components/bbva-core-amount-currency-mixin": "^1.0.0",
        "@bbva-web-components/bbva-core-amount-format-mixin": "^1.0.0",
        "@bbva-web-components/bbva-core-lit-helpers": "^1.0.0",
        "@bbva-web-components/bbva-foundations-styles": "^2.0.0",
        "lit-element": "^2.0.0",
        "lit-html": "^1.0.0"
      }
    },
    "@bbva-web-components/bbva-badge-default": {
      "version": "3.0.3",
      "resolved": "https://globaldevtools.bbva.com:443/artifactory/api/npm/npm-repo/@bbva-web-components/bbva-badge-default/-/@bbva-web-components/bbva-badge-default-3.0.3.tgz",
      "integrity": "sha1-ugdSUz0NcnD/g6NLjVVU9CjMRrI=",
      "requires": {
        "@bbva-web-components/bbva-core-intl-mixin": "^1.0.0",
        "@bbva-web-components/bbva-core-lit-helpers": "^1.0.0",
        "@bbva-web-components/bbva-foundations-styles": "^2.0.0",
        "lit-element": "^2.0.0",
        "lit-html": "^1.0.0"
      }
    },
    "@bbva-web-components/bbva-button-default": {
      "version": "5.9.10",
      "resolved": "https://globaldevtools.bbva.com:443/artifactory/api/npm/npm-repo/@bbva-web-components/bbva-button-default/-/@bbva-web-components/bbva-button-default-5.9.10.tgz",
      "integrity": "sha1-gXv8q4jAM9ltGe1D0RkjJqicEME=",
      "requires": {
        "@bbva-web-components/bbva-core-action": "^2.0.0",
        "@bbva-web-components/bbva-core-lit-helpers": "^1.0.0",
        "@bbva-web-components/bbva-foundations-styles": "^2.0.0",
        "lit-element": "^2.0.0"
      }
    },
    "@bbva-web-components/bbva-button-icon": {
      "version": "4.11.0",
      "resolved": "https://globaldevtools.bbva.com:443/artifactory/api/npm/npm-repo/@bbva-web-components/bbva-button-icon/-/@bbva-web-components/bbva-button-icon-4.11.0.tgz",
      "integrity": "sha1-805kI8ONUDasxdgocVKlJIrnnhE=",
      "requires": {
        "@bbva-web-components/bbva-core-action": "^2.0.0",
        "@bbva-web-components/bbva-core-icon": "^1.0.0",
        "@bbva-web-components/bbva-core-lit-helpers": "^1.0.0",
        "@bbva-web-components/bbva-foundations-styles": "^2.0.0",
        "lit-element": "^2.0.0"
      }
    },
    "@bbva-web-components/bbva-core-action": {
      "version": "2.0.5",
      "resolved": "https://globaldevtools.bbva.com:443/artifactory/api/npm/npm-repo/@bbva-web-components/bbva-core-action/-/@bbva-web-components/bbva-core-action-2.0.5.tgz",
      "integrity": "sha1-lD0fyZa2gQ4JPy07uLZwuKXEYKo=",
      "requires": {
        "@bbva-web-components/bbva-core-delegate-attributes-mixin": "^1.1.5",
        "@bbva-web-components/bbva-core-focus-visible-mixin": "^1.0.15",
        "@bbva-web-components/bbva-core-lit-helpers": "^1.3.0",
        "lit-element": "^2.0.0",
        "lit-html": "^1.0.0"
      }
    },
    "@bbva-web-components/bbva-core-amount-currency-mixin": {
      "version": "1.0.5",
      "resolved": "https://globaldevtools.bbva.com:443/artifactory/api/npm/npm-repo/@bbva-web-components/bbva-core-amount-currency-mixin/-/@bbva-web-components/bbva-core-amount-currency-mixin-1.0.5.tgz",
      "integrity": "sha1-NGVwbu0yAStlMzP4s9tM2uF0j/0=",
      "requires": {
        "@bbva-web-components/bbva-core-amount-mixin": "^1.3.4",
        "@bbva-web-components/bbva-core-lit-helpers": "^1.3.0"
      }
    },
    "@bbva-web-components/bbva-core-amount-format-mixin": {
      "version": "1.0.5",
      "resolved": "https://globaldevtools.bbva.com:443/artifactory/api/npm/npm-repo/@bbva-web-components/bbva-core-amount-format-mixin/-/@bbva-web-components/bbva-core-amount-format-mixin-1.0.5.tgz",
      "integrity": "sha1-hkBPiUiP95pV5OikqtuOgi8GqnM=",
      "requires": {
        "@bbva-web-components/bbva-core-amount-mixin": "^1.3.4",
        "@bbva-web-components/bbva-core-lit-helpers": "^1.3.0"
      }
    },
    "@bbva-web-components/bbva-core-amount-mixin": {
      "version": "1.3.4",
      "resolved": "https://globaldevtools.bbva.com:443/artifactory/api/npm/npm-repo/@bbva-web-components/bbva-core-amount-mixin/-/@bbva-web-components/bbva-core-amount-mixin-1.3.4.tgz",
      "integrity": "sha1-rkede0O8C8ur1q3/IYsLFf5pas0=",
      "requires": {
        "@bbva-web-components/bbva-core-lit-helpers": "^1.3.0"
      }
    },
    "@bbva-web-components/bbva-core-delegate-attributes-mixin": {
      "version": "1.1.5",
      "resolved": "https://globaldevtools.bbva.com:443/artifactory/api/npm/npm-repo/@bbva-web-components/bbva-core-delegate-attributes-mixin/-/@bbva-web-components/bbva-core-delegate-attributes-mixin-1.1.5.tgz",
      "integrity": "sha1-3IoeGqfPkTzVIK4zSGTq4NQzxvM=",
      "requires": {
        "@bbva-web-components/bbva-core-lit-helpers": "^1.3.0",
        "lit-element": "^2.0.0"
      }
    },
    "@bbva-web-components/bbva-core-focus-visible-mixin": {
      "version": "1.0.15",
      "resolved": "https://globaldevtools.bbva.com:443/artifactory/api/npm/npm-repo/@bbva-web-components/bbva-core-focus-visible-mixin/-/@bbva-web-components/bbva-core-focus-visible-mixin-1.0.15.tgz",
      "integrity": "sha1-a3/A5pvtjPO6Q9qDtvbmBNwJp7Q=",
      "requires": {
        "@bbva-web-components/bbva-core-lit-helpers": "^1.3.0"
      }
    },
    "@bbva-web-components/bbva-core-generic-dp": {
      "version": "1.2.4",
      "resolved": "https://globaldevtools.bbva.com:443/artifactory/api/npm/npm-repo/@bbva-web-components/bbva-core-generic-dp/-/@bbva-web-components/bbva-core-generic-dp-1.2.4.tgz",
      "integrity": "sha1-blABWD0ajOUwWA5LeA0JD7aoHaE=",
      "requires": {
        "@bbva-web-components/bbva-core-lit-helpers": "^1.3.0",
        "lit-element": "^2.0.0",
        "rxjs": "^6.5.2"
      }
    },
    "@bbva-web-components/bbva-core-icon": {
      "version": "1.4.6",
      "resolved": "https://globaldevtools.bbva.com:443/artifactory/api/npm/npm-repo/@bbva-web-components/bbva-core-icon/-/@bbva-web-components/bbva-core-icon-1.4.6.tgz",
      "integrity": "sha1-eCQq/Yo/Yk7QdrAKoMFvX9wdVcA=",
      "requires": {
        "@bbva-web-components/bbva-core-lit-helpers": "^1.3.0",
        "@bbva-web-components/bbva-core-meta": "^1.2.3",
        "lit-element": "^2.0.0"
      }
    },
    "@bbva-web-components/bbva-core-iconset": {
      "version": "1.1.19",
      "resolved": "https://globaldevtools.bbva.com:443/artifactory/api/npm/npm-repo/@bbva-web-components/bbva-core-iconset/-/@bbva-web-components/bbva-core-iconset-1.1.19.tgz",
      "integrity": "sha1-tkrNebjMU6WF+L+H15NjVXV5rwQ=",
      "requires": {
        "@bbva-web-components/bbva-core-meta": "^1.2.3",
        "lit-element": "^2.0.0"
      }
    },
    "@bbva-web-components/bbva-core-input": {
      "version": "1.2.15",
      "resolved": "https://globaldevtools.bbva.com:443/artifactory/api/npm/npm-repo/@bbva-web-components/bbva-core-input/-/@bbva-web-components/bbva-core-input-1.2.15.tgz",
      "integrity": "sha1-g994XMpKUiCvnTRDyrWDgtisXfQ=",
      "requires": {
        "@bbva-web-components/bbva-core-delegate-attributes-mixin": "^1.1.5",
        "@bbva-web-components/bbva-core-focus-visible-mixin": "^1.0.15",
        "@bbva-web-components/bbva-core-lit-helpers": "^1.3.0",
        "@bbva-web-components/bbva-core-validatable-mixin": "^1.0.16",
        "lit-element": "^2.2.1",
        "lit-html": "^1.1.2"
      }
    },
    "@bbva-web-components/bbva-core-intl-mixin": {
      "version": "1.2.7",
      "resolved": "https://globaldevtools.bbva.com:443/artifactory/api/npm/npm-repo/@bbva-web-components/bbva-core-intl-mixin/-/@bbva-web-components/bbva-core-intl-mixin-1.2.7.tgz",
      "integrity": "sha1-zr+CiT1eJmDEzhjvA/V5DuFCzb4=",
      "requires": {
        "@bbva-web-components/bbva-core-generic-dp": "^1.2.4",
        "@bbva-web-components/bbva-core-lit-helpers": "^1.3.0",
        "intl-messageformat": "~8.0.0"
      }
    },
    "@bbva-web-components/bbva-core-lit-helpers": {
      "version": "1.3.0",
      "resolved": "https://globaldevtools.bbva.com:443/artifactory/api/npm/npm-repo/@bbva-web-components/bbva-core-lit-helpers/-/@bbva-web-components/bbva-core-lit-helpers-1.3.0.tgz",
      "integrity": "sha1-WaMlZA7k7HMHeSvLlmfmkNmaXk4=",
      "requires": {
        "@bbva-web-components/bbva-core-meta": "^1.2.3",
        "@webcomponents/shadycss": "^1.9.0",
        "lit-element": "^2.0.0",
        "lit-html": "^1.0.0"
      }
    },
    "@bbva-web-components/bbva-core-meta": {
      "version": "1.2.3",
      "resolved": "https://globaldevtools.bbva.com:443/artifactory/api/npm/npm-repo/@bbva-web-components/bbva-core-meta/-/@bbva-web-components/bbva-core-meta-1.2.3.tgz",
      "integrity": "sha1-W/dIMotmzT2oYh0dYyDlYaM3kHk="
    },
    "@bbva-web-components/bbva-core-modal": {
      "version": "1.5.0",
      "resolved": "https://globaldevtools.bbva.com:443/artifactory/api/npm/npm-repo/@bbva-web-components/bbva-core-modal/-/@bbva-web-components/bbva-core-modal-1.5.0.tgz",
      "integrity": "sha1-XqQjYYUNAeS4/aXKGQnq4CwcgVE=",
      "requires": {
        "@bbva-web-components/bbva-core-lit-helpers": "^1.3.0",
        "lit-element": "^2.0.0"
      }
    },
    "@bbva-web-components/bbva-core-scoping-ambients-shim": {
      "version": "1.0.3",
      "resolved": "https://globaldevtools.bbva.com:443/artifactory/api/npm/npm-repo/@bbva-web-components/bbva-core-scoping-ambients-shim/-/@bbva-web-components/bbva-core-scoping-ambients-shim-1.0.3.tgz",
      "integrity": "sha1-wkFvAsDcgLB9ppIukAXYtS8JaSU=",
      "requires": {
        "@webcomponents/shadycss": "^1.9.6"
      }
    },
    "@bbva-web-components/bbva-core-validatable-mixin": {
      "version": "1.0.16",
      "resolved": "https://globaldevtools.bbva.com:443/artifactory/api/npm/npm-repo/@bbva-web-components/bbva-core-validatable-mixin/-/@bbva-web-components/bbva-core-validatable-mixin-1.0.16.tgz",
      "integrity": "sha1-3Ff2CIfzMG/ZSPkKQQsfJBT0OD8=",
      "requires": {
        "@bbva-web-components/bbva-core-lit-helpers": "^1.3.0",
        "@bbva-web-components/bbva-core-meta": "^1.2.3",
        "lit-element": "^2.0.0"
      }
    },
    "@bbva-web-components/bbva-form-field": {
      "version": "4.20.2",
      "resolved": "https://globaldevtools.bbva.com:443/artifactory/api/npm/npm-repo/@bbva-web-components/bbva-form-field/-/@bbva-web-components/bbva-form-field-4.20.2.tgz",
      "integrity": "sha1-MwDnQ9W/u8kCY0FNWorm+ke9Nxg=",
      "requires": {
        "@bbva-web-components/bbva-button-icon": "^4.11.0",
        "@bbva-web-components/bbva-core-icon": "^1.0.0",
        "@bbva-web-components/bbva-core-input": "^1.0.0",
        "@bbva-web-components/bbva-core-intl-mixin": "^1.0.0",
        "@bbva-web-components/bbva-core-lit-helpers": "^1.0.0",
        "@bbva-web-components/bbva-foundations-icons": "^1.0.0",
        "@bbva-web-components/bbva-foundations-styles": "^2.0.0",
        "@bbva-web-components/bbva-text": "^1.12.1",
        "lit-element": "^2.0.0",
        "lit-html": "^1.0.0"
      }
    },
    "@bbva-web-components/bbva-form-password": {
      "version": "3.9.7",
      "resolved": "https://globaldevtools.bbva.com:443/artifactory/api/npm/npm-repo/@bbva-web-components/bbva-form-password/-/@bbva-web-components/bbva-form-password-3.9.7.tgz",
      "integrity": "sha1-nsyZ/x0wvl2NS9eaFL8JJJdbDtw=",
      "requires": {
        "@bbva-web-components/bbva-button-icon": "^4.11.0",
        "@bbva-web-components/bbva-core-intl-mixin": "^1.0.0",
        "@bbva-web-components/bbva-core-lit-helpers": "^1.0.0",
        "@bbva-web-components/bbva-form-field": "^4.20.2",
        "@bbva-web-components/bbva-foundations-icons": "^1.0.0",
        "@bbva-web-components/bbva-foundations-styles": "^2.0.0",
        "lit-element": "^2.0.0",
        "lit-html": "^1.0.0"
      }
    },
    "@bbva-web-components/bbva-foundations-ellipsis": {
      "version": "1.0.0",
      "resolved": "https://globaldevtools.bbva.com:443/artifactory/api/npm/npm-repo/@bbva-web-components/bbva-foundations-ellipsis/-/@bbva-web-components/bbva-foundations-ellipsis-1.0.0.tgz",
      "integrity": "sha1-sR1gvLV54AHgx97nwzWrj4PU4uM=",
      "requires": {
        "lit-element": "^2.0.0"
      }
    },
    "@bbva-web-components/bbva-foundations-icons": {
      "version": "1.9.0",
      "resolved": "https://globaldevtools.bbva.com:443/artifactory/api/npm/npm-repo/@bbva-web-components/bbva-foundations-icons/-/@bbva-web-components/bbva-foundations-icons-1.9.0.tgz",
      "integrity": "sha1-x6Ps5HQn+d5Da87vdQtu9wBOqyk=",
      "requires": {
        "@bbva-web-components/bbva-core-iconset": "^1.0.0",
        "@bbva-web-components/bbva-core-lit-helpers": "^1.0.0"
      }
    },
    "@bbva-web-components/bbva-foundations-photo-treatments": {
      "version": "1.0.16",
      "resolved": "https://globaldevtools.bbva.com:443/artifactory/api/npm/npm-repo/@bbva-web-components/bbva-foundations-photo-treatments/-/@bbva-web-components/bbva-foundations-photo-treatments-1.0.16.tgz",
      "integrity": "sha1-xpogv8nrlGc9leo4UmWe5W3yd/w=",
      "requires": {
        "@bbva-web-components/bbva-core-lit-helpers": "^1.0.0",
        "@bbva-web-components/bbva-foundations-styles": "^2.6.0",
        "lit-element": "^2.0.0"
      }
    },
    "@bbva-web-components/bbva-foundations-styles": {
      "version": "2.6.0",
      "resolved": "https://globaldevtools.bbva.com:443/artifactory/api/npm/npm-repo/@bbva-web-components/bbva-foundations-styles/-/@bbva-web-components/bbva-foundations-styles-2.6.0.tgz",
      "integrity": "sha1-SDWlKqJo3XqVqT/aM/KTxShQwzI=",
      "requires": {
        "@bbva-web-components/bbva-foundations-ellipsis": "^1.0.0",
        "@bbva-web-components/bbva-foundations-photo-treatments": "^1.0.16",
        "@bbva-web-components/bbva-foundations-tokens": "^1.1.0",
        "@bbva-web-components/bbva-foundations-tools": "^1.2.0",
        "lit-element": "^2.0.0"
      }
    },
    "@bbva-web-components/bbva-foundations-theme": {
      "version": "2.3.1",
      "resolved": "https://globaldevtools.bbva.com:443/artifactory/api/npm/npm-repo/@bbva-web-components/bbva-foundations-theme/-/@bbva-web-components/bbva-foundations-theme-2.3.1.tgz",
      "integrity": "sha1-1eLLLZFUfzDVEviH4DU3ZaVf9ig=",
      "requires": {
        "@bbva-web-components/bbva-core-lit-helpers": "^1.0.0",
        "@bbva-web-components/bbva-foundations-styles": "^2.6.0",
        "lit-element": "^2.0.0"
      }
    },
    "@bbva-web-components/bbva-foundations-tokens": {
      "version": "1.1.0",
      "resolved": "https://globaldevtools.bbva.com:443/artifactory/api/npm/npm-repo/@bbva-web-components/bbva-foundations-tokens/-/@bbva-web-components/bbva-foundations-tokens-1.1.0.tgz",
      "integrity": "sha1-wYvUu5r1EK/3nFyzpbVlk/ZpPic="
    },
    "@bbva-web-components/bbva-foundations-tools": {
      "version": "1.2.0",
      "resolved": "https://globaldevtools.bbva.com:443/artifactory/api/npm/npm-repo/@bbva-web-components/bbva-foundations-tools/-/@bbva-web-components/bbva-foundations-tools-1.2.0.tgz",
      "integrity": "sha1-JTjYx6sFCmER+cRXpRst1XQQYFM=",
      "requires": {
        "@bbva-web-components/bbva-foundations-tokens": "^1.1.0",
        "esm": "^3.2.25",
        "lit-element": "^2.0.0"
      }
    },
    "@bbva-web-components/bbva-header-main": {
      "version": "4.0.0",
      "resolved": "https://globaldevtools.bbva.com:443/artifactory/api/npm/npm-repo/@bbva-web-components/bbva-header-main/-/@bbva-web-components/bbva-header-main-4.0.0.tgz",
      "integrity": "sha1-bWV4wCN57jej2nE0Nr42IJ30SJw=",
      "requires": {
        "@bbva-web-components/bbva-foundations-styles": "^1.4.0",
        "@cells-components/cells-focus-visible-mixin": "^1.0.0",
        "@cells-components/cells-i18n-mixin": "^1.0.0",
        "@cells-components/cells-icon": "^2.0.0",
        "@cells-components/cells-lit-helpers": "^1.0.0",
        "lit-element": "^2.0.0",
        "lit-html": "^1.0.0"
      },
      "dependencies": {
        "@bbva-web-components/bbva-foundations-styles": {
          "version": "1.4.0",
          "resolved": "https://globaldevtools.bbva.com:443/artifactory/api/npm/npm-repo/@bbva-web-components/bbva-foundations-styles/-/@bbva-web-components/bbva-foundations-styles-1.4.0.tgz",
          "integrity": "sha1-kccC4zFT60Dr9z1I9UqzfUCvzZE=",
          "requires": {
            "lit-element": "^2.0.0"
          }
        }
      }
    },
    "@bbva-web-components/bbva-help-modal": {
      "version": "3.18.5",
      "resolved": "https://globaldevtools.bbva.com:443/artifactory/api/npm/npm-repo/@bbva-web-components/bbva-help-modal/-/@bbva-web-components/bbva-help-modal-3.18.5.tgz",
      "integrity": "sha1-LXm3k1XZvCLKoss3rxSzbz2WAo8=",
      "requires": {
        "@bbva-web-components/bbva-button-default": "^5.9.1",
        "@bbva-web-components/bbva-core-icon": "^1.0.0",
        "@bbva-web-components/bbva-core-intl-mixin": "^1.0.0",
        "@bbva-web-components/bbva-core-lit-helpers": "^1.0.0",
        "@bbva-web-components/bbva-core-modal": "^1.0.0",
        "@bbva-web-components/bbva-foundations-icons": "^1.0.0",
        "@bbva-web-components/bbva-foundations-styles": "^2.0.0",
        "@bbva-web-components/bbva-header-main": "^6.0.0",
        "@bbva-web-components/bbva-link": "^3.9.0",
        "lit-element": "^2.0.0"
      },
      "dependencies": {
        "@bbva-web-components/bbva-header-main": {
          "version": "6.3.0",
          "resolved": "https://globaldevtools.bbva.com:443/artifactory/api/npm/npm-repo/@bbva-web-components/bbva-header-main/-/@bbva-web-components/bbva-header-main-6.3.0.tgz",
          "integrity": "sha1-raxz+KkbP8JP6vMGIlIMxHBT9dM=",
          "requires": {
            "@bbva-web-components/bbva-core-focus-visible-mixin": "^1.0.0",
            "@bbva-web-components/bbva-core-icon": "^1.0.0",
            "@bbva-web-components/bbva-core-intl-mixin": "^1.0.0",
            "@bbva-web-components/bbva-core-lit-helpers": "^1.0.0",
            "@bbva-web-components/bbva-foundations-styles": "^2.0.0",
            "lit-element": "^2.0.0",
            "lit-html": "^1.0.0"
          }
        }
      }
    },
    "@bbva-web-components/bbva-link": {
      "version": "3.9.1",
      "resolved": "https://globaldevtools.bbva.com:443/artifactory/api/npm/npm-repo/@bbva-web-components/bbva-link/-/@bbva-web-components/bbva-link-3.9.1.tgz",
      "integrity": "sha1-gv8NapBXS6HsdxTm1DlJWbs7uJw=",
      "requires": {
        "@bbva-web-components/bbva-core-action": "^2.0.0",
        "@bbva-web-components/bbva-core-icon": "^1.0.0",
        "@bbva-web-components/bbva-core-lit-helpers": "^1.0.0",
        "@bbva-web-components/bbva-foundations-styles": "^2.0.0",
        "lit-element": "^2.0.0",
        "lit-html": "^1.0.0"
      }
    },
    "@bbva-web-components/bbva-list-info": {
      "version": "3.3.0",
      "resolved": "https://globaldevtools.bbva.com:443/artifactory/api/npm/npm-repo/@bbva-web-components/bbva-list-info/-/@bbva-web-components/bbva-list-info-3.3.0.tgz",
      "integrity": "sha1-qdVvHyu6qe8KzcavYGV48BFTmd0=",
      "requires": {
        "@bbva-web-components/bbva-core-icon": "^1.0.0",
        "@bbva-web-components/bbva-core-lit-helpers": "^1.0.0",
        "@bbva-web-components/bbva-foundations-styles": "^2.0.0",
        "lit-element": "^2.0.0"
      }
    },
    "@bbva-web-components/bbva-list-movement": {
      "version": "3.0.7",
      "resolved": "https://globaldevtools.bbva.com:443/artifactory/api/npm/npm-repo/@bbva-web-components/bbva-list-movement/-/@bbva-web-components/bbva-list-movement-3.0.7.tgz",
      "integrity": "sha1-INTW3pPmPYccNFXk0OAIcsXS5cs=",
      "requires": {
        "@bbva-web-components/bbva-amount": "^9.0.1",
        "@bbva-web-components/bbva-badge-default": "^3.0.3",
        "@bbva-web-components/bbva-foundations-styles": "^1.4.0",
        "@cells-components/cells-amount-mixin": "^1.0.0",
        "@cells-components/cells-icon": "^2.0.0",
        "@cells-components/cells-lit-helpers": "^1.0.0",
        "@cells-components/cells-mask": "^2.0.0",
        "lit-element": "^2.0.0",
        "lit-html": "^1.0.0"
      },
      "dependencies": {
        "@bbva-web-components/bbva-foundations-styles": {
          "version": "1.4.0",
          "resolved": "https://globaldevtools.bbva.com:443/artifactory/api/npm/npm-repo/@bbva-web-components/bbva-foundations-styles/-/@bbva-web-components/bbva-foundations-styles-1.4.0.tgz",
          "integrity": "sha1-kccC4zFT60Dr9z1I9UqzfUCvzZE=",
          "requires": {
            "lit-element": "^2.0.0"
          }
        }
      }
    },
    "@bbva-web-components/bbva-list-simple": {
      "version": "3.1.1",
      "resolved": "https://globaldevtools.bbva.com:443/artifactory/api/npm/npm-repo/@bbva-web-components/bbva-list-simple/-/@bbva-web-components/bbva-list-simple-3.1.1.tgz",
      "integrity": "sha1-/O5O8LzjtS5mT7kbGIt7+yEPNOg=",
      "requires": {
        "@bbva-web-components/bbva-foundations-styles": "^1.4.0",
        "@cells-components/cells-focus-visible-mixin": "^1.0.0",
        "@cells-components/cells-icon": "^2.0.0",
        "@cells-components/cells-lit-helpers": "^1.0.0",
        "lit-element": "^2.0.0"
      },
      "dependencies": {
        "@bbva-web-components/bbva-foundations-styles": {
          "version": "1.4.0",
          "resolved": "https://globaldevtools.bbva.com:443/artifactory/api/npm/npm-repo/@bbva-web-components/bbva-foundations-styles/-/@bbva-web-components/bbva-foundations-styles-1.4.0.tgz",
          "integrity": "sha1-kccC4zFT60Dr9z1I9UqzfUCvzZE=",
          "requires": {
            "lit-element": "^2.0.0"
          }
        }
      }
    },
    "@bbva-web-components/bbva-text": {
      "version": "1.12.1",
      "resolved": "https://globaldevtools.bbva.com:443/artifactory/api/npm/npm-repo/@bbva-web-components/bbva-text/-/@bbva-web-components/bbva-text-1.12.1.tgz",
      "integrity": "sha1-Ycb0skHVz+Xj3d76alspQ41Ycjs=",
      "requires": {
        "@bbva-web-components/bbva-core-lit-helpers": "^1.0.0",
        "@bbva-web-components/bbva-foundations-ellipsis": "^1.0.0",
        "@bbva-web-components/bbva-foundations-styles": "^1.0.0",
        "lit-element": "^2.0.0",
        "lit-html": "^1.0.0"
      },
      "dependencies": {
        "@bbva-web-components/bbva-foundations-styles": {
          "version": "1.4.0",
          "resolved": "https://globaldevtools.bbva.com:443/artifactory/api/npm/npm-repo/@bbva-web-components/bbva-foundations-styles/-/@bbva-web-components/bbva-foundations-styles-1.4.0.tgz",
          "integrity": "sha1-kccC4zFT60Dr9z1I9UqzfUCvzZE=",
          "requires": {
            "lit-element": "^2.0.0"
          }
        }
      }
    },
    "@cells-body/cells-body": {
      "version": "git+https://github.com/juanx2/cells-body.git#2c77123d6efb44cef31f49a34edd53befc04d988",
      "from": "git+https://github.com/juanx2/cells-body.git#master",
      "requires": {
        "@bbva-web-components/bbva-button-default": "^5.7.4",
        "@bbva-web-components/bbva-core-icon": "^1.4.2",
        "@bbva-web-components/bbva-core-lit-helpers": "^1.0.4",
        "@bbva-web-components/bbva-foundations-styles": "^2.3.5",
        "@cells-components/coronita-icons": "^1.0.63",
        "lit-element": "^2.0.0"
      }
    },
    "@cells-components/cells-amount-mixin": {
      "version": "1.4.8",
      "resolved": "https://globaldevtools.bbva.com:443/artifactory/api/npm/npm-repo/@cells-components/cells-amount-mixin/-/@cells-components/cells-amount-mixin-1.4.8.tgz",
      "integrity": "sha1-dNs+GO3suvA3p9gOO6CXFoAJcR0=",
      "requires": {
        "@cells-components/cells-lit-helpers": "^1.3.2",
        "lit-element": "^2.0.1"
      }
    },
    "@cells-components/cells-app-drawer": {
      "version": "0.2.8",
      "resolved": "https://globaldevtools.bbva.com:443/artifactory/api/npm/npm-repo/@cells-components/cells-app-drawer/-/@cells-components/cells-app-drawer-0.2.8.tgz",
      "integrity": "sha1-hALvv8QXNjUGWk0X8G0s53kQs5g=",
      "requires": {
        "@cells-components/cells-lit-helpers": "^1.3.2",
        "@cells-components/cells-media-query": "^1.0.43",
        "@cells-components/cells-resizable-mixin": "^1.0.31",
        "@cells-components/cells-selector": "^1.0.0",
        "lit-element": "^2.0.0"
      }
    },
    "@cells-components/cells-focus-visible-mixin": {
      "version": "1.0.33",
      "resolved": "https://globaldevtools.bbva.com:443/artifactory/api/npm/npm-repo/@cells-components/cells-focus-visible-mixin/-/@cells-components/cells-focus-visible-mixin-1.0.33.tgz",
      "integrity": "sha1-HNrhnci479DtErkQrNcvhJWBmhc=",
      "requires": {
        "@cells-components/cells-lit-helpers": "^1.3.2",
        "lit-element": "^2.0.1"
      }
    },
    "@cells-components/cells-i18n-mixin": {
      "version": "1.5.0",
      "resolved": "https://globaldevtools.bbva.com:443/artifactory/api/npm/npm-repo/@cells-components/cells-i18n-mixin/-/@cells-components/cells-i18n-mixin-1.5.0.tgz",
      "integrity": "sha1-TJasxMMdInS/icAfJyLiIbcsofM=",
      "requires": {
        "@cells-components/cells-lit-helpers": "^1.0.0",
        "@cells-components/cells-shadow-query-selector": "^1.0.1",
        "lit-element": "^2.0.0"
      }
    },
    "@cells-components/cells-icon": {
      "version": "2.0.8",
      "resolved": "https://globaldevtools.bbva.com:443/artifactory/api/npm/npm-repo/@cells-components/cells-icon/-/@cells-components/cells-icon-2.0.8.tgz",
      "integrity": "sha1-ZW0baw5XD0elIJmoP/UKvEkrgUg=",
      "requires": {
        "@cells-components/cells-iron-meta": "^1.0.44",
        "@cells-components/cells-lit-helpers": "^1.3.2",
        "lit-element": "^2.0.1"
      }
    },
    "@cells-components/cells-iconset-svg": {
      "version": "1.2.21",
      "resolved": "https://globaldevtools.bbva.com:443/artifactory/api/npm/npm-repo/@cells-components/cells-iconset-svg/-/@cells-components/cells-iconset-svg-1.2.21.tgz",
      "integrity": "sha1-Je0Q+j9KzR3Y2441n9Hlkix1C24=",
      "requires": {
        "@cells-components/cells-iron-meta": "^1.0.44",
        "lit-element": "^2.0.1"
      }
    },
    "@cells-components/cells-iron-meta": {
      "version": "1.0.44",
      "resolved": "https://globaldevtools.bbva.com:443/artifactory/api/npm/npm-repo/@cells-components/cells-iron-meta/-/@cells-components/cells-iron-meta-1.0.44.tgz",
      "integrity": "sha1-/ULBJ78v9xvHV/3n3AGPdw2x0M0=",
      "requires": {
        "@bbva-web-components/bbva-core-meta": "^1.0.0",
        "@cells-components/cells-lit-helpers": "^1.3.2",
        "lit-element": "^2.0.1"
      }
    },
    "@cells-components/cells-lit-helpers": {
      "version": "1.3.2",
      "resolved": "https://globaldevtools.bbva.com:443/artifactory/api/npm/npm-repo/@cells-components/cells-lit-helpers/-/@cells-components/cells-lit-helpers-1.3.2.tgz",
      "integrity": "sha1-Rop0YXxwvOPp1cdkzz8wKPk+FBQ=",
      "requires": {
        "@bbva-web-components/bbva-core-lit-helpers": "^1.0.0",
        "@webcomponents/shadycss": "^1.9.0",
        "lit-html": "^1.0.0"
      }
    },
    "@cells-components/cells-mask": {
      "version": "2.0.8",
      "resolved": "https://globaldevtools.bbva.com:443/artifactory/api/npm/npm-repo/@cells-components/cells-mask/-/@cells-components/cells-mask-2.0.8.tgz",
      "integrity": "sha1-gh1j8o4YN7oUGGbFeVU2lImOok0=",
      "requires": {
        "@cells-components/cells-i18n-mixin": "^1.0.0",
        "@cells-components/cells-icon": "^2.0.8",
        "@cells-components/cells-lit-helpers": "^1.3.2",
        "lit-element": "^2.0.1"
      }
    },
    "@cells-components/cells-media-query": {
      "version": "1.0.43",
      "resolved": "https://globaldevtools.bbva.com:443/artifactory/api/npm/npm-repo/@cells-components/cells-media-query/-/@cells-components/cells-media-query-1.0.43.tgz",
      "integrity": "sha1-CrEV/dj0pGpaAoVsPx8e4j3IWhE=",
      "requires": {
        "lit-element": "^2.0.0"
      }
    },
    "@cells-components/cells-paper-scroll-header-panel": {
      "version": "0.2.8",
      "resolved": "https://globaldevtools.bbva.com:443/artifactory/api/npm/npm-repo/@cells-components/cells-paper-scroll-header-panel/-/@cells-components/cells-paper-scroll-header-panel-0.2.8.tgz",
      "integrity": "sha1-GB4HBN05PjyBfJwPaUWeSAX1DEQ=",
      "requires": {
        "@cells-components/cells-lit-helpers": "^1.3.2",
        "@cells-components/cells-resizable-mixin": "^1.0.31",
        "lit-element": "^2.0.0",
        "lit-html": "^1.0.0"
      }
    },
    "@cells-components/cells-resizable-mixin": {
      "version": "1.0.31",
      "resolved": "https://globaldevtools.bbva.com:443/artifactory/api/npm/npm-repo/@cells-components/cells-resizable-mixin/-/@cells-components/cells-resizable-mixin-1.0.31.tgz",
      "integrity": "sha1-Jh0sSjlDbgUWzXK2cw1V7XJWN7U=",
      "requires": {
        "@cells-components/cells-lit-helpers": "^1.3.2",
        "lit-element": "^2.0.0"
      }
    },
    "@cells-components/cells-selector": {
      "version": "1.0.7",
      "resolved": "https://globaldevtools.bbva.com:443/artifactory/api/npm/npm-repo/@cells-components/cells-selector/-/@cells-components/cells-selector-1.0.7.tgz",
      "integrity": "sha1-KpJsIbRMgAnGEZKZEfh/NuXnjaI=",
      "requires": {
        "@cells-components/cells-lit-helpers": "^1.0.0",
        "lit-element": "^2.0.0"
      }
    },
    "@cells-components/cells-shadow-query-selector": {
      "version": "1.0.1",
      "resolved": "https://globaldevtools.bbva.com:443/artifactory/api/npm/npm-repo/@cells-components/cells-shadow-query-selector/-/@cells-components/cells-shadow-query-selector-1.0.1.tgz",
      "integrity": "sha1-g8tJmca3iy5lIb0UrkgeH46JeKc="
    },
    "@cells-components/cells-skeleton-group": {
      "version": "2.0.7",
      "resolved": "https://globaldevtools.bbva.com:443/artifactory/api/npm/npm-repo/@cells-components/cells-skeleton-group/-/@cells-components/cells-skeleton-group-2.0.7.tgz",
      "integrity": "sha1-8oZpUKsf+/LvlTtXAQJXN8fT0fU=",
      "requires": {
        "@cells-components/cells-lit-helpers": "^1.3.2",
        "@cells-components/cells-skeleton-item": "^2.0.7",
        "lit-element": "^2.0.1"
      }
    },
    "@cells-components/cells-skeleton-item": {
      "version": "2.0.7",
      "resolved": "https://globaldevtools.bbva.com:443/artifactory/api/npm/npm-repo/@cells-components/cells-skeleton-item/-/@cells-components/cells-skeleton-item-2.0.7.tgz",
      "integrity": "sha1-KcZ6DBed6WXcG6KHa4qK4VIOOUk=",
      "requires": {
        "@cells-components/cells-lit-helpers": "^1.3.2",
        "lit-element": "^2.0.1"
      }
    },
    "@cells-components/cells-skeleton-loading-page": {
      "version": "2.0.7",
      "resolved": "https://globaldevtools.bbva.com:443/artifactory/api/npm/npm-repo/@cells-components/cells-skeleton-loading-page/-/@cells-components/cells-skeleton-loading-page-2.0.7.tgz",
      "integrity": "sha1-FNLXy7h5hWlBSDE5i/yxjvVS8Ps=",
      "requires": {
        "@cells-components/cells-lit-helpers": "^1.3.2",
        "@cells-components/cells-skeleton-group": "^2.0.7",
        "lit-element": "^2.0.1"
      }
    },
    "@cells-components/cells-template-animation-mixin": {
      "version": "0.1.15",
      "resolved": "https://globaldevtools.bbva.com:443/artifactory/api/npm/npm-repo/@cells-components/cells-template-animation-mixin/-/@cells-components/cells-template-animation-mixin-0.1.15.tgz",
      "integrity": "sha1-nWTiP1Fus2sEnUKXvsF6JfhbfOk=",
      "requires": {
        "@cells-components/cells-lit-helpers": "^1.3.2",
        "lit-element": "^2.0.0"
      }
    },
    "@cells-components/cells-template-paper-drawer-panel": {
      "version": "2.0.12",
      "resolved": "https://globaldevtools.bbva.com:443/artifactory/api/npm/npm-repo/@cells-components/cells-template-paper-drawer-panel/-/@cells-components/cells-template-paper-drawer-panel-2.0.12.tgz",
      "integrity": "sha1-h3aL7NtrsVFb0pxxjmuc/yiY3DE=",
      "requires": {
        "@cells-components/cells-app-drawer": "^0.2.8",
        "@cells-components/cells-lit-helpers": "^1.3.2",
        "@cells-components/cells-paper-scroll-header-panel": "^0.2.8",
        "@cells-components/cells-template-animation-mixin": "^0.1.15",
        "lit-element": "^2.0.0"
      }
    },
    "@cells-components/coronita-icons": {
      "version": "1.0.65",
      "resolved": "https://globaldevtools.bbva.com:443/artifactory/api/npm/npm-repo/@cells-components/coronita-icons/-/@cells-components/coronita-icons-1.0.65.tgz",
      "integrity": "sha1-Ey1LPeu8VmNg/RKXLV886rtrnZo=",
      "requires": {
        "@cells-components/cells-icon": "^2.0.8",
        "@cells-components/cells-iconset-svg": "^1.2.21"
      }
    },
    "@cells-list/cells-list": {
      "version": "git+https://github.com/juanx2/cells-list.git#ca418123ee2f83671029c6067e514ae939db0430",
      "from": "git+https://github.com/juanx2/cells-list.git#master",
      "requires": {
        "@bbva-web-components/bbva-button-default": "^5.7.4",
        "@bbva-web-components/bbva-core-icon": "^1.4.2",
        "@bbva-web-components/bbva-core-lit-helpers": "^1.0.4",
        "@bbva-web-components/bbva-foundations-styles": "^2.3.5",
        "@cells-components/coronita-icons": "^1.0.63",
        "lit-element": "^2.0.0"
      }
    },
    "@cells-practica/cells-practica": {
      "version": "git+https://github.com/juanx2/cells-practica.git#92e8c4d041949359697f10c01c449ed593a087c6",
      "from": "git+https://github.com/juanx2/cells-practica.git#feature/xp62934",
      "requires": {
        "@bbva-web-components/bbva-core-lit-helpers": "^1.0.4",
        "@bbva-web-components/bbva-foundations-styles": "^2.3.5",
        "@bbva-web-components/bbva-link": "^3.9.1",
        "lit-element": "^2.0.0"
      }
    },
    "@cells/cells-bridge": {
      "version": "3.15.2",
      "resolved": "https://globaldevtools.bbva.com:443/artifactory/api/npm/npm-repo/@cells/cells-bridge/-/@cells/cells-bridge-3.15.2.tgz",
      "integrity": "sha1-YVxZTDxH4AzyNjCmn2sEuiPAaOg=",
      "requires": {
        "cells-semaas-adapter": "^2.0.0",
        "es5-dot-prop": "^4.1.1",
        "rxjs": "^6.4.0"
      }
    },
    "@cells/cells-element": {
      "version": "1.2.1",
      "resolved": "https://globaldevtools.bbva.com:443/artifactory/api/npm/npm-repo/@cells/cells-element/-/@cells/cells-element-1.2.1.tgz",
      "integrity": "sha1-Z+djZjmRFmUlN2npqMc+OFS9og4=",
      "requires": {
        "@bbva-web-components/bbva-core-lit-helpers": "^1.0.4",
        "@bbva-web-components/bbva-foundations-styles": "^2.3.5",
        "lit-element": "^2.0.0"
      }
    },
    "@cells/cells-page": {
      "version": "1.2.1",
      "resolved": "https://globaldevtools.bbva.com:443/artifactory/api/npm/npm-repo/@cells/cells-page/-/@cells/cells-page-1.2.1.tgz",
      "integrity": "sha1-f86gEe3O0NFAVJNMl9V3/8OdPpg=",
      "requires": {
        "@bbva-web-components/bbva-core-lit-helpers": "^1.0.4",
        "@bbva-web-components/bbva-foundations-styles": "^2.3.5",
        "@cells/cells-element": "^1.2.0",
        "lit-element": "^2.0.0"
      }
    },
    "@formatjs/intl-unified-numberformat": {
      "version": "3.3.7",
      "resolved": "https://globaldevtools.bbva.com:443/artifactory/api/npm/npm-repo/@formatjs/intl-unified-numberformat/-/intl-unified-numberformat-3.3.7.tgz",
      "integrity": "sha1-mZWiRWiQgYjnFtgaHeW3ArLuAOI=",
      "requires": {
        "@formatjs/intl-utils": "^2.3.0"
      }
    },
    "@formatjs/intl-utils": {
      "version": "2.3.0",
      "resolved": "https://globaldevtools.bbva.com:443/artifactory/api/npm/npm-repo/@formatjs/intl-utils/-/intl-utils-2.3.0.tgz",
      "integrity": "sha1-LcjFcETeA0DrU6e6YC5Zq/gNx5k="
    },
    "@open-wc/lit-helpers": {
      "version": "0.3.12",
      "resolved": "https://globaldevtools.bbva.com:443/artifactory/api/npm/npm-repo/@open-wc/lit-helpers/-/lit-helpers-0.3.12.tgz",
      "integrity": "sha1-Eb8HMRhaiMpQ7XQJCOkf1ENrpp0="
    },
    "@webcomponents/shadycss": {
      "version": "1.11.0",
      "resolved": "https://globaldevtools.bbva.com:443/artifactory/api/npm/npm-repo/@webcomponents/shadycss/-/shadycss-1.11.0.tgz",
      "integrity": "sha1-c+KJmWwALYvmlM074Og8Rq0l5+A="
    },
    "@webcomponents/webcomponentsjs": {
      "version": "2.6.0",
      "resolved": "https://globaldevtools.bbva.com:443/artifactory/api/npm/npm-repo/@webcomponents/webcomponentsjs/-/webcomponentsjs-2.6.0.tgz",
      "integrity": "sha1-fRZ0xAvd8Mbdl0xE/9NFEv5ydP8="
    },
    "cells-app-template": {
      "version": "5.0.2",
      "resolved": "https://globaldevtools.bbva.com:443/artifactory/api/npm/npm-repo/cells-app-template/-/cells-app-template-5.0.2.tgz",
      "integrity": "sha1-Voxa4Po85EvncJOMAu6W37bF0GM="
    },
    "cells-semaas-adapter": {
      "version": "2.1.1",
      "resolved": "https://globaldevtools.bbva.com:443/artifactory/api/npm/npm-repo/cells-semaas-adapter/-/cells-semaas-adapter-2.1.1.tgz",
      "integrity": "sha1-ceXdUZX90RD1GYcflFBaRVHihkY="
    },
    "es5-dot-prop": {
      "version": "4.1.1",
      "resolved": "https://globaldevtools.bbva.com:443/artifactory/api/npm/npm-repo/es5-dot-prop/-/es5-dot-prop-4.1.1.tgz",
      "integrity": "sha1-chAhU+q7N0DWa3Ndphbi3Zvlc3s=",
      "requires": {
        "is-obj": "^1.0.0"
      }
    },
    "esm": {
      "version": "3.2.25",
      "resolved": "https://globaldevtools.bbva.com:443/artifactory/api/npm/npm-repo/esm/-/esm-3.2.25.tgz",
      "integrity": "sha1-NCwYwp1WFXaIulzjH4Qx+7eVzBA="
    },
    "intl-format-cache": {
      "version": "4.3.1",
      "resolved": "https://globaldevtools.bbva.com:443/artifactory/api/npm/npm-repo/intl-format-cache/-/intl-format-cache-4.3.1.tgz",
      "integrity": "sha1-SE0xqYchYebAITk0myWaYimt43c="
    },
    "intl-messageformat": {
      "version": "8.0.0",
      "resolved": "https://globaldevtools.bbva.com:443/artifactory/api/npm/npm-repo/intl-messageformat/-/intl-messageformat-8.0.0.tgz",
      "integrity": "sha1-60/pAFkojWC0gVbpWiq83RTUkvE=",
      "requires": {
        "intl-format-cache": "^4.2.21",
        "intl-messageformat-parser": "^4.0.0"
      }
    },
    "intl-messageformat-parser": {
      "version": "4.1.4",
      "resolved": "https://globaldevtools.bbva.com:443/artifactory/api/npm/npm-repo/intl-messageformat-parser/-/intl-messageformat-parser-4.1.4.tgz",
      "integrity": "sha1-mPNBXmmQ1Evr8uCtjkz7rPPvXtM=",
      "requires": {
        "@formatjs/intl-unified-numberformat": "^3.3.3"
      }
    },
    "is-obj": {
      "version": "1.0.1",
      "resolved": "https://globaldevtools.bbva.com:443/artifactory/api/npm/npm-repo/is-obj/-/is-obj-1.0.1.tgz",
      "integrity": "sha1-PkcprB9f3gJc19g6iW2rn09n2w8="
    },
    "lit-element": {
      "version": "2.5.1",
      "resolved": "https://globaldevtools.bbva.com:443/artifactory/api/npm/npm-repo/lit-element/-/lit-element-2.5.1.tgz",
      "integrity": "sha1-P6dLEhps0ikCQJrjhZt4R9AaprY=",
      "requires": {
        "lit-html": "^1.1.1"
      }
    },
    "lit-html": {
      "version": "1.4.1",
      "resolved": "https://globaldevtools.bbva.com:443/artifactory/api/npm/npm-repo/lit-html/-/lit-html-1.4.1.tgz",
      "integrity": "sha1-DG8+5K1OthCkmDF4fwR4rY6a5eA="
    },
    "rxjs": {
      "version": "6.6.7",
      "resolved": "https://globaldevtools.bbva.com:443/artifactory/api/npm/npm-repo/rxjs/-/rxjs-6.6.7.tgz",
      "integrity": "sha1-kKwBisq/SRv2UEQjXVhjxNq4BMk=",
      "requires": {
        "tslib": "^1.9.0"
      }
    },
    "tslib": {
      "version": "1.14.1",
      "resolved": "https://globaldevtools.bbva.com:443/artifactory/api/npm/npm-repo/tslib/-/tslib-1.14.1.tgz",
      "integrity": "sha1-zy04vcNKE0vK8QkcQfZhni9nLQA="
    }
  }
}
